lockfileVersion: '9.0'

settings:
  autoInstallPeers: true
  excludeLinksFromLockfile: false

patchedDependencies:
  '@typespec/http':
    hash: aq5ro3ii4qoynjjd7xukskouxa
    path: patches/@typespec__http.patch
  '@typespec/openapi':
    hash: uvgfat3cfeep27th4nou2owmku
    path: patches/@typespec__openapi.patch
  '@typespec/openapi3':
    hash: sb4t3kj46huooiaydawer2uxt4
    path: patches/@typespec__openapi3.patch

importers:

  .:
    devDependencies:
      '@typespec/compiler':
        specifier: 0.60.0
        version: 0.60.0
      '@typespec/http':
        specifier: 0.60.0
        version: 0.60.0(patch_hash=aq5ro3ii4qoynjjd7xukskouxa)(@typespec/compiler@0.60.0)
      '@typespec/openapi':
        specifier: 0.60.0
        version: 0.60.0(patch_hash=uvgfat3cfeep27th4nou2owmku)(@typespec/compiler@0.60.0)(@typespec/http@0.60.0(patch_hash=aq5ro3ii4qoynjjd7xukskouxa)(@typespec/compiler@0.60.0))
      '@typespec/openapi3':
        specifier: 0.60.0
        version: 0.60.0(patch_hash=sb4t3kj46huooiaydawer2uxt4)(@typespec/compiler@0.60.0)(@typespec/http@0.60.0(patch_hash=aq5ro3ii4qoynjjd7xukskouxa)(@typespec/compiler@0.60.0))(@typespec/openapi@0.60.0(patch_hash=uvgfat3cfeep27th4nou2owmku)(@typespec/compiler@0.60.0)(@typespec/http@0.60.0(patch_hash=aq5ro3ii4qoynjjd7xukskouxa)(@typespec/compiler@0.60.0)))(@typespec/versioning@0.60.0(@typespec/compiler@0.60.0))(openapi-types@12.1.3)
      '@typespec/prettier-plugin-typespec':
        specifier: 0.60.0
        version: 0.60.0
      '@typespec/rest':
        specifier: 0.60.0
        version: 0.60.0(@typespec/compiler@0.60.0)(@typespec/http@0.60.0(patch_hash=aq5ro3ii4qoynjjd7xukskouxa)(@typespec/compiler@0.60.0))
      '@typespec/versioning':
        specifier: 0.60.0
        version: 0.60.0(@typespec/compiler@0.60.0)
      prettier:
        specifier: 3.3.3
        version: 3.3.3

packages:

  '@apidevtools/swagger-methods@3.0.2':
    resolution: {integrity: sha512-QAkD5kK2b1WfjDS/UQn/qQkbwF31uqRjPTrsCs5ZG9BQGAkjwvqGFjjPqAuzac/IYzpPtRzjCP1WrTuAIjMrXg==}

  '@babel/code-frame@7.24.7':
    resolution: {integrity: sha512-BcYH1CVJBO9tvyIZ2jVeXgSIMvGZ2FDRvDdOIVQyuklNKSsx+eppDEBq/g47Ayw+RqNFE+URvOShmf+f/qwAlA==}
    engines: {node: '>=6.9.0'}

  '@babel/helper-validator-identifier@7.24.7':
    resolution: {integrity: sha512-rR+PBcQ1SMQDDyF6X0wxtG8QyLCgUB0eRAGguqRLfkCA87l7yAP7ehq8SNj96OOGTO8OBV70KhuFYcIkHXOg0w==}
    engines: {node: '>=6.9.0'}

  '@babel/highlight@7.24.7':
    resolution: {integrity: sha512-EStJpq4OuY8xYfhGVXngigBJRWxftKX9ksiGDnmlY3o7B/V7KIAc9X4oiK87uPJSc/vs5L869bem5fhZa8caZw==}
    engines: {node: '>=6.9.0'}

  '@babel/runtime@7.25.6':
    resolution: {integrity: sha512-VBj9MYyDb9tuLq7yzqjgzt6Q+IBQLrGZfdjOekyEirZPHxXWoTSGUTMrpsfi58Up73d13NfYLv8HT9vmznjzhQ==}
    engines: {node: '>=6.9.0'}

  '@humanwhocodes/momoa@2.0.4':
    resolution: {integrity: sha512-RE815I4arJFtt+FVeU1Tgp9/Xvecacji8w/V6XtXsWWH/wz/eNkNbhb+ny/+PlVZjV0rxQpRSQKNKE3lcktHEA==}
    engines: {node: '>=10.10.0'}

  '@jsdevtools/ono@7.1.3':
    resolution: {integrity: sha512-4JQNk+3mVzK3xh2rqd6RB4J46qUR19azEHBneZyTZM+c456qOrbbM/5xcR8huNCCcbVt7+UmizG6GuUvPvKUYg==}

  '@nodelib/fs.scandir@2.1.5':
    resolution: {integrity: sha512-vq24Bq3ym5HEQm2NKCr3yXDwjc7vTsEThRDnkp2DK9p1uqLR+DHurm/NOTo0KG7HYHU7eppKZj3MyqYuMBf62g==}
    engines: {node: '>= 8'}

  '@nodelib/fs.stat@2.0.5':
    resolution: {integrity: sha512-RkhPPp2zrqDAQA/2jNhnztcPAlv64XdhIp7a7454A5ovI7Bukxgt7MX7udwAu3zg1DcpPU0rz3VV1SeaqvY4+A==}
    engines: {node: '>= 8'}

  '@nodelib/fs.walk@1.2.8':
    resolution: {integrity: sha512-oGB+UxlgWcgQkgwo8GcEGwemoTFt3FIO9ababBmaGwXIoBKZ+GTy0pP185beGg7Llih/NSHSV2XAs1lnznocSg==}
    engines: {node: '>= 8'}

  '@readme/better-ajv-errors@1.6.0':
    resolution: {integrity: sha512-9gO9rld84Jgu13kcbKRU+WHseNhaVt76wYMeRDGsUGYxwJtI3RmEJ9LY9dZCYQGI8eUZLuxb5qDja0nqklpFjQ==}
    engines: {node: '>=14'}
    peerDependencies:
      ajv: 4.11.8 - 8

  '@readme/json-schema-ref-parser@1.2.0':
    resolution: {integrity: sha512-Bt3QVovFSua4QmHa65EHUmh2xS0XJ3rgTEUPH998f4OW4VVJke3BuS16f+kM0ZLOGdvIrzrPRqwihuv5BAjtrA==}

  '@readme/openapi-parser@2.6.0':
    resolution: {integrity: sha512-pyFJXezWj9WI1O+gdp95CoxfY+i+Uq3kKk4zXIFuRAZi9YnHpHOpjumWWr67wkmRTw19Hskh9spyY0Iyikf3fA==}
    engines: {node: '>=18'}
    peerDependencies:
      openapi-types: '>=7'

  '@readme/openapi-schemas@3.1.0':
    resolution: {integrity: sha512-9FC/6ho8uFa8fV50+FPy/ngWN53jaUu4GRXlAjcxIRrzhltJnpKkBG2Tp0IDraFJeWrOpk84RJ9EMEEYzaI1Bw==}
    engines: {node: '>=18'}

  '@sindresorhus/merge-streams@2.3.0':
    resolution: {integrity: sha512-LtoMMhxAlorcGhmFYI+LhPgbPZCkgP6ra1YL604EeF6U98pLlQ3iWIGMdWSC+vWmPBWBNgmDBAhnAobLROJmwg==}
    engines: {node: '>=18'}

  '@types/json-schema@7.0.15':
    resolution: {integrity: sha512-5+fP8P8MFNC+AyZCDxrB2pkZFPGzqQWUzpSeuuVLvm8VMcorNYavBqoFcxK8bQz4Qsbn4oUEEem4wDLfcysGHA==}

  '@typespec/compiler@0.60.0':
    resolution: {integrity: sha512-qAS99tJv6RvxSescfxRVal4QWSfdf3BzIOgE8+Az6emL68aTE/W8zQ0Ijpgmhax7sC2AnLTxCK1tM9kj1YguRw==}
    engines: {node: '>=18.0.0'}
    hasBin: true

  '@typespec/http@0.60.0':
    resolution: {integrity: sha512-ktfS9vpHfltyeAaQLNAZdqrn6Per3vmB/HDH/iyudYLA5wWblT1siKvpFCMWq53CJorRO7yeOKv+Q/M26zwEtg==}
    engines: {node: '>=18.0.0'}
    peerDependencies:
      '@typespec/compiler': ~0.60.0

  '@typespec/openapi3@0.60.0':
    resolution: {integrity: sha512-gvrTHZACdeQtV7GfhVOHqkyTgMFyM2nKAIiz2P83LIncMCDUc00bGKGmaBk+xpuwKtCJyxBeVpCbID31YAq96g==}
    engines: {node: '>=18.0.0'}
    hasBin: true
    peerDependencies:
      '@typespec/compiler': ~0.60.0
      '@typespec/http': ~0.60.0
      '@typespec/openapi': ~0.60.0
      '@typespec/versioning': ~0.60.0

  '@typespec/openapi@0.60.0':
    resolution: {integrity: sha512-YVwLppgHY8r/MudHNSLSUXzdw+CIpjmb31gI2a0KDGnI6sWDwY7LSWfjGU4TY/ubt0+X0Tjoy330mTvw71YBTg==}
    engines: {node: '>=18.0.0'}
    peerDependencies:
      '@typespec/compiler': ~0.60.0
      '@typespec/http': ~0.60.0

  '@typespec/prettier-plugin-typespec@0.60.0':
    resolution: {integrity: sha512-hQ6eiTKzJULd8lLU255cT4NWwyAZzaWEd6zJVdTxi4jqmPkYKVEPdsXfaLEPT0Gm8x7dN5DTm1b45d8DlEDdIw==}

  '@typespec/rest@0.60.0':
    resolution: {integrity: sha512-mHYubyuBvwdV2xkHrJfPwV7b/Ksyb9lA1Q/AQwpVFa7Qu1X075TBVALmH+hK3V0EdUG1CGJZ5Sw4BWgl8ZS0BA==}
    engines: {node: '>=18.0.0'}
    peerDependencies:
      '@typespec/compiler': ~0.60.0
      '@typespec/http': ~0.60.0

  '@typespec/versioning@0.60.0':
    resolution: {integrity: sha512-SqxCQ9qMw5fdR7WP6/GFLzwcFwxhv+uHlzJGVcTd1GtIAu5qj2X4VmzFuNQyu+QenI+5uOSrEEywEXn0YRTZSg==}
    engines: {node: '>=18.0.0'}
    peerDependencies:
      '@typespec/compiler': ~0.60.0

  ajv-draft-04@1.0.0:
    resolution: {integrity: sha512-mv00Te6nmYbRp5DCwclxtt7yV/joXJPGS7nM+97GdxvuttCOfgI3K4U25zboyeX0O+myI8ERluxQe5wljMmVIw==}
    peerDependencies:
      ajv: ^8.5.0
    peerDependenciesMeta:
      ajv:
        optional: true

  ajv@8.17.1:
    resolution: {integrity: sha512-B/gBuNg5SiMTrPkC+A2+cW0RszwxYmn6VYxB/inlBStS5nx6xHIt/ehKRhIMhqusl7a8LjQoZnjCs5vhwxOQ1g==}

  ansi-regex@5.0.1:
    resolution: {integrity: sha512-quJQXlTSUGL2LH9SUXo8VwsY4soanhgo6LNSm84E1LBcE8s3O0wpdiRzyR9z/ZZJMlMWv37qOOb9pdJlMUEKFQ==}
    engines: {node: '>=8'}

  ansi-styles@3.2.1:
    resolution: {integrity: sha512-VT0ZI6kZRdTh8YyJw3SMbYm/u+NqfsAxEpWO0Pf9sq8/e94WxxOpPKx9FR1FlyCtOVDNOQ+8ntlqFxiRc+r5qA==}
    engines: {node: '>=4'}

  ansi-styles@4.3.0:
    resolution: {integrity: sha512-zbB9rCJAT1rbjiVDb2hqKFHNYLxgtk8NURxZ3IZwD3F6NtxbXZQCnnSi1Lkx+IDohdPlFp222wVALIheZJQSEg==}
    engines: {node: '>=8'}

  argparse@2.0.1:
    resolution: {integrity: sha512-8+9WqebbFzpX9OR+Wa6O29asIogeRMzcGtAINdpMHHyAg10f05aSFVBbcEqGf/PXw1EjAZ+q2/bEBg3DvurK3Q==}

  braces@3.0.3:
    resolution: {integrity: sha512-yQbXgO/OSZVD2IsiLlro+7Hf6Q18EJrKSEsdoMzKePKXct3gvD8oLcOQdIzGupr5Fj+EDe8gO/lxc1BzfMpxvA==}
    engines: {node: '>=8'}

  call-me-maybe@1.0.2:
    resolution: {integrity: sha512-HpX65o1Hnr9HH25ojC1YGs7HCQLq0GCOibSaWER0eNpgJ/Z1MZv2mTc7+xh6WOPxbRVcmgbv4hGU+uSQ/2xFZQ==}

  chalk@2.4.2:
    resolution: {integrity: sha512-Mti+f9lpJNcwF4tWV8/OrTTtF1gZi+f8FqlyAdouralcFWFQWF2+NgCHShjkCb+IFBLq9buZwE1xckQU4peSuQ==}
    engines: {node: '>=4'}

  chalk@4.1.2:
    resolution: {integrity: sha512-oKnbhFyRIXpUuez8iBMmyEa4nbj4IOQyuhc/wy9kY7/WVPcwIO9VA668Pu8RkO7+0G76SLROeyw9CpQ061i4mA==}
    engines: {node: '>=10'}

  change-case@5.4.4:
    resolution: {integrity: sha512-HRQyTk2/YPEkt9TnUPbOpr64Uw3KOicFWPVBb+xiHvd6eBx/qPr9xqfBFDT8P2vWsvvz4jbEkfDe71W3VyNu2w==}

  cliui@8.0.1:
    resolution: {integrity: sha512-BSeNnyus75C4//NQ9gQt1/csTXyo/8Sb+afLAkzAptFuMsod9HFokGNudZpi/oQV73hnVK+sR+5PVRMd+Dr7YQ==}
    engines: {node: '>=12'}

  code-error-fragment@0.0.230:
    resolution: {integrity: sha512-cadkfKp6932H8UkhzE/gcUqhRMNf8jHzkAN7+5Myabswaghu4xABTgPHDCjW+dBAJxj/SpkTYokpzDqY4pCzQw==}
    engines: {node: '>= 4'}

  color-convert@1.9.3:
    resolution: {integrity: sha512-QfAUtd+vFdAtFQcC8CCyYt1fYWxSqAiK2cSD6zDB8N3cpsEBAvRxp9zOGg6G/SHHJYAT88/az/IuDGALsNVbGg==}

  color-convert@2.0.1:
    resolution: {integrity: sha512-RRECPsj7iu/xb5oKYcsFHSppFNnsj/52OVTRKb4zP5onXwVF3zVmmToNcOfGC+CRDpfK/U584fMg38ZHCaElKQ==}
    engines: {node: '>=7.0.0'}

  color-name@1.1.3:
    resolution: {integrity: sha512-72fSenhMw2HZMTVHeCA9KCmpEIbzWiQsjN+BHcBbS9vr1mtt+vJjPdksIBNUmKAW8TFUDPJK5SUU3QhE9NEXDw==}

  color-name@1.1.4:
    resolution: {integrity: sha512-dOy+3AuW3a2wNbZHIuMZpTcgjGuLU/uBL/ubcZF9OXbDo8ff4O8yVp5Bf0efS8uEoYo5q4Fx7dY9OgQGXgAsQA==}

  emoji-regex@8.0.0:
    resolution: {integrity: sha512-MSjYzcWNOA0ewAHpz0MxpYFvwg6yjy1NG3xteoqz644VCo/RPgnr1/GGt+ic3iJTzQ8Eu3TdM14SawnVUmGE6A==}

  escalade@3.2.0:
    resolution: {integrity: sha512-WUj2qlxaQtO4g6Pq5c29GTcWGDyd8itL8zTlipgECz3JesAiiOKotd8JU6otB3PACgG6xkJUyVhboMS+bje/jA==}
    engines: {node: '>=6'}

  escape-string-regexp@1.0.5:
    resolution: {integrity: sha512-vbRorB5FUQWvla16U8R/qgaFIya2qGzwDrNmCZuYKrbdSUMG6I1ZCGQRefkRVhuOkIGVne7BQ35DSfo1qvJqFg==}
    engines: {node: '>=0.8.0'}

  fast-deep-equal@3.1.3:
    resolution: {integrity: sha512-f3qQ9oQy9j2AhBe/H9VC91wLmKBCCU/gDOnKNAYG5hswO7BLKj09Hc5HYNz9cGI++xlpDCIgDaitVs03ATR84Q==}

  fast-glob@3.3.2:
    resolution: {integrity: sha512-oX2ruAFQwf/Orj8m737Y5adxDQO0LAB7/S5MnxCdTNDd4p6BsyIVsv9JQsATbTSq8KHRpLwIHbVlUNatxd+1Ow==}
    engines: {node: '>=8.6.0'}

  fast-uri@3.0.1:
    resolution: {integrity: sha512-MWipKbbYiYI0UC7cl8m/i/IWTqfC8YXsqjzybjddLsFjStroQzsHXkc73JutMvBiXmOvapk+axIl79ig5t55Bw==}

  fastq@1.17.1:
    resolution: {integrity: sha512-sRVD3lWVIXWg6By68ZN7vho9a1pQcN/WBFaAAsDDFzlJjvoGx0P8z7V1t72grFJfJhu3YPZBuu25f7Kaw2jN1w==}

  fill-range@7.1.1:
    resolution: {integrity: sha512-YsGpe3WHLK8ZYi4tWDg2Jy3ebRz2rXowDxnld4bkQB00cc/1Zw9AWnC0i9ztDJitivtQvaI9KaLyKrc+hBW0yg==}
    engines: {node: '>=8'}

  get-caller-file@2.0.5:
    resolution: {integrity: sha512-DyFP3BM/3YHTQOCUL/w0OZHR0lpKeGrxotcHWcqNEdnltqFwXVfhEBQ94eIo34AfQpo0rGki4cyIiftY06h2Fg==}
    engines: {node: 6.* || 8.* || >= 10.*}

  glob-parent@5.1.2:
    resolution: {integrity: sha512-AOIgSQCepiJYwP3ARnGx+5VnTu2HBYdzbGP45eLw1vr3zB3vZLeyed1sC9hnbcOc9/SrMyM5RPQrkGz4aS9Zow==}
    engines: {node: '>= 6'}

  globby@14.0.2:
    resolution: {integrity: sha512-s3Fq41ZVh7vbbe2PN3nrW7yC7U7MFVc5c98/iTl9c2GawNMKx/J648KQRW6WKkuU8GIbbh2IXfIRQjOZnXcTnw==}
    engines: {node: '>=18'}

  grapheme-splitter@1.0.4:
    resolution: {integrity: sha512-bzh50DW9kTPM00T8y4o8vQg89Di9oLJVLW/KaOGIXJWP/iqCN6WKYkbNOF04vFLJhwcpYUh9ydh/+5vpOqV4YQ==}

  has-flag@3.0.0:
    resolution: {integrity: sha512-sKJf1+ceQBr4SMkvQnBDNDtf4TXpVhVGateu0t918bl30FnbE2m4vNLX+VWe/dpjlb+HugGYzW7uQXH98HPEYw==}
    engines: {node: '>=4'}

  has-flag@4.0.0:
    resolution: {integrity: sha512-EykJT/Q1KjTWctppgIAgfSO0tKVuZUjhgMr17kqTumMl6Afv3EISleU7qZUzoXDFTAHTDC4NOoG/ZxU3EvlMPQ==}
    engines: {node: '>=8'}

  ignore@5.3.2:
    resolution: {integrity: sha512-hsBTNUqQTDwkWtcdYI2i06Y/nUBEsNEDJKjWdigLvegy8kDuJAS8uRlpkkcQpyEXL0Z/pjDy5HBmMjRCJ2gq+g==}
    engines: {node: '>= 4'}

  is-extglob@2.1.1:
    resolution: {integrity: sha512-SbKbANkN603Vi4jEZv49LeVJMn4yGwsbzZworEoyEiutsN3nJYdbO36zfhGJ6QEDpOZIFkDtnq5JRxmvl3jsoQ==}
    engines: {node: '>=0.10.0'}

  is-fullwidth-code-point@3.0.0:
    resolution: {integrity: sha512-zymm5+u+sCsSWyD9qNaejV3DFvhCKclKdizYaJUuHA83RLjb7nSuGnddCHGv0hk+KY7BMAlsWeK4Ueg6EV6XQg==}
    engines: {node: '>=8'}

  is-glob@4.0.3:
    resolution: {integrity: sha512-xelSayHH36ZgE7ZWhli7pW34hNbNl8Ojv5KVmkJD4hBdD3th8Tfk9vYasLM+mXWOZhFkgZfxhLSnrwRr4elSSg==}
    engines: {node: '>=0.10.0'}

  is-number@7.0.0:
    resolution: {integrity: sha512-41Cifkg6e8TylSpdtTpeLVMqvSBEVzTttHvERD741+pnZ8ANv0004MRL43QKPDlK9cGvNp6NZWZUBlbGXYxxng==}
    engines: {node: '>=0.12.0'}

  js-tokens@4.0.0:
    resolution: {integrity: sha512-RdJUflcE3cUzKiMqQgsCu06FPu9UdIJO0beYbPhHN4k6apgJtifcoCtT9bcxOpYBtpD2kCM6Sbzg4CausW/PKQ==}

  js-yaml@4.1.0:
    resolution: {integrity: sha512-wpxZs9NoxZaJESJGIZTyDEaYpl0FKSA+FB9aJiyemKhMwkxQg63h4T1KJgUGHpTqPDNRcmmYLugrRjJlBtWvRA==}
    hasBin: true

  json-schema-traverse@1.0.0:
    resolution: {integrity: sha512-NM8/P9n3XjXhIZn1lLhkFaACTOURQXjWhV4BA/RnOv8xvgqtqpAX9IO4mRQxSx1Rlo4tqzeqb0sOlruaOy3dug==}

  json-to-ast@2.1.0:
    resolution: {integrity: sha512-W9Lq347r8tA1DfMvAGn9QNcgYm4Wm7Yc+k8e6vezpMnRT+NHbtlxgNBXRVjXe9YM6eTn6+p/MKOlV/aABJcSnQ==}
    engines: {node: '>= 4'}

  jsonpointer@5.0.1:
    resolution: {integrity: sha512-p/nXbhSEcu3pZRdkW1OfJhpsVtW1gd4Wa1fnQc9YLiTfAjn0312eMKimbdIQzuZl9aa9xUGaRlP9T/CJE/ditQ==}
    engines: {node: '>=0.10.0'}

  kleur@3.0.3:
    resolution: {integrity: sha512-eTIzlVOSUR+JxdDFepEYcBMtZ9Qqdef+rnzWdRZuMbOywu5tO2w2N7rqjoANZ5k9vywhL6Br1VRjUIgTQx4E8w==}
    engines: {node: '>=6'}

  leven@3.1.0:
    resolution: {integrity: sha512-qsda+H8jTaUaN/x5vzW2rzc+8Rw4TAQ/4KjB46IwK5VH+IlVeeeje/EoZRpiXvIqjFgK84QffqPztGI3VBLG1A==}
    engines: {node: '>=6'}

  merge2@1.4.1:
    resolution: {integrity: sha512-8q7VEgMJW4J8tcfVPy8g09NcQwZdbwFEqhe/WZkoIzjn/3TGDwtOCYtXGxA3O8tPzpczCCDgv+P2P5y00ZJOOg==}
    engines: {node: '>= 8'}

  micromatch@4.0.8:
    resolution: {integrity: sha512-PXwfBhYu0hBCPw8Dn0E+WDYb7af3dSLVWKi3HGv84IdF4TyFoC0ysxFd0Goxw7nSv4T/PzEJQxsYsEiFCKo2BA==}
    engines: {node: '>=8.6'}

  mustache@4.2.0:
    resolution: {integrity: sha512-71ippSywq5Yb7/tVYyGbkBggbU8H3u5Rz56fH60jGFgr8uHwxs+aSKeqmluIVzM0m0kB7xQjKS6qPfd0b2ZoqQ==}
    hasBin: true

  openapi-types@12.1.3:
    resolution: {integrity: sha512-N4YtSYJqghVu4iek2ZUvcN/0aqH1kRDuNqzcycDxhOUpg7GdvLa2F3DgS6yBNhInhv2r/6I0Flkn7CqL8+nIcw==}

  path-type@5.0.0:
    resolution: {integrity: sha512-5HviZNaZcfqP95rwpv+1HDgUamezbqdSYTyzjTvwtJSnIH+3vnbmWsItli8OFEndS984VT55M3jduxZbX351gg==}
    engines: {node: '>=12'}

  picocolors@1.0.1:
    resolution: {integrity: sha512-anP1Z8qwhkbmu7MFP5iTt+wQKXgwzf7zTyGlcdzabySa9vd0Xt392U0rVmz9poOaBj0uHJKyyo9/upk0HrEQew==}

  picomatch@2.3.1:
    resolution: {integrity: sha512-JU3teHTNjmE2VCGFzuY8EXzCDVwEqB2a8fsIvwaStHhAWJEeVd1o1QD80CU6+ZdEXXSLbSsuLwJjkCBWqRQUVA==}
    engines: {node: '>=8.6'}

  prettier@3.3.3:
    resolution: {integrity: sha512-i2tDNA0O5IrMO757lfrdQZCc2jPNDVntV0m/+4whiDfWaTKfMNgR7Qz0NAeGz/nRqF4m5/6CLzbP4/liHt12Ew==}
    engines: {node: '>=14'}
    hasBin: true

  prompts@2.4.2:
    resolution: {integrity: sha512-NxNv/kLguCA7p3jE8oL2aEBsrJWgAakBpgmgK6lpPWV+WuOmY6r2/zbAVnP+T8bQlA0nzHXSJSJW0Hq7ylaD2Q==}
    engines: {node: '>= 6'}

  queue-microtask@1.2.3:
    resolution: {integrity: sha512-NuaNSa6flKT5JaSYQzJok04JzTL1CA6aGhv5rfLW3PgqA+M2ChpZQnAC8h8i4ZFkBS8X5RqkDBHA7r4hej3K9A==}

  regenerator-runtime@0.14.1:
    resolution: {integrity: sha512-dYnhHh0nJoMfnkZs6GmmhFknAGRrLznOu5nc9ML+EJxGvrx6H7teuevqVqCuPcPK//3eDrrjQhehXVx9cnkGdw==}

  require-directory@2.1.1:
    resolution: {integrity: sha512-fGxEI7+wsG9xrvdjsrlmL22OMTTiHRwAMroiEeMgq8gzoLC/PQr7RsRDSTLUg/bZAZtF+TVIkHc6/4RIKrui+Q==}
    engines: {node: '>=0.10.0'}

  require-from-string@2.0.2:
    resolution: {integrity: sha512-Xf0nWe6RseziFMu+Ap9biiUbmplq6S9/p+7w7YXP/JBHhrUDDUhwa+vANyubuqfZWTveU//DYVGsDG7RKL/vEw==}
    engines: {node: '>=0.10.0'}

  reusify@1.0.4:
    resolution: {integrity: sha512-U9nH88a3fc/ekCF1l0/UP1IosiuIjyTh7hBvXVMHYgVcfGvt897Xguj2UOLDeI5BG2m7/uwyaLVT6fbtCwTyzw==}
    engines: {iojs: '>=1.0.0', node: '>=0.10.0'}

  run-parallel@1.2.0:
    resolution: {integrity: sha512-5l4VyZR86LZ/lDxZTR6jqL8AFE2S0IFLMP26AbjsLVADxHdhB/c0GUsH+y39UfCi3dzz8OlQuPmnaJOMoDHQBA==}

  semver@7.6.3:
    resolution: {integrity: sha512-oVekP1cKtI+CTDvHWYFUcMtsK/00wmAEfyqKfNdARm8u1wNVhSgaX7A8d4UuIlUI5e84iEwOhs7ZPYRmzU9U6A==}
    engines: {node: '>=10'}
    hasBin: true

  sisteransi@1.0.5:
    resolution: {integrity: sha512-bLGGlR1QxBcynn2d5YmDX4MGjlZvy2MRBDRNHLJ8VI6l6+9FUiyTFNJ0IveOSP0bcXgVDPRcfGqA0pjaqUpfVg==}

  slash@5.1.0:
    resolution: {integrity: sha512-ZA6oR3T/pEyuqwMgAKT0/hAv8oAXckzbkmR0UkUosQ+Mc4RxGoJkRmwHgHufaenlyAgE1Mxgpdcrf75y6XcnDg==}
    engines: {node: '>=14.16'}

  string-width@4.2.3:
    resolution: {integrity: sha512-wKyQRQpjJ0sIp62ErSZdGsjMJWsap5oRNihHhu6G7JVO/9jIB6UyevL+tXuOqrng8j/cxKTWyWUwvSTriiZz/g==}
    engines: {node: '>=8'}

  strip-ansi@6.0.1:
    resolution: {integrity: sha512-Y38VPSHcqkFrCpFnQ9vuSXmquuv5oXOKpGeT6aGrr3o3Gc9AlVa6JBfUSOCnbxGGZF+/0ooI7KrPuUSztUdU5A==}
    engines: {node: '>=8'}

  supports-color@5.5.0:
    resolution: {integrity: sha512-QjVjwdXIt408MIiAqCX4oUKsgU2EqAGzs2Ppkm4aQYbjm+ZEWEcW4SfFNTr4uMNZma0ey4f5lgLrkB0aX0QMow==}
    engines: {node: '>=4'}

  supports-color@7.2.0:
    resolution: {integrity: sha512-qpCAvRl9stuOHveKsn7HncJRvv501qIacKzQlO/+Lwxc9+0q2wLyv4Dfvt80/DPn2pqOBsJdDiogXGR9+OvwRw==}
    engines: {node: '>=8'}

  temporal-polyfill@0.2.5:
    resolution: {integrity: sha512-ye47xp8Cb0nDguAhrrDS1JT1SzwEV9e26sSsrWzVu+yPZ7LzceEcH0i2gci9jWfOfSCCgM3Qv5nOYShVUUFUXA==}

  temporal-spec@0.2.4:
    resolution: {integrity: sha512-lDMFv4nKQrSjlkHKAlHVqKrBG4DyFfa9F74cmBZ3Iy3ed8yvWnlWSIdi4IKfSqwmazAohBNwiN64qGx4y5Q3IQ==}

  to-regex-range@5.0.1:
    resolution: {integrity: sha512-65P7iz6X5yEr1cwcgvQxbbIw7Uk3gOy5dIdtZ4rDveLqhrdJP+Li/Hx6tyK0NEb+2GCyneCMJiGqrADCSNk8sQ==}
    engines: {node: '>=8.0'}

  unicorn-magic@0.1.0:
    resolution: {integrity: sha512-lRfVq8fE8gz6QMBuDM6a+LO3IAzTi05H6gCVaUpir2E1Rwpo4ZUog45KpNXKC/Mn3Yb9UDuHumeFTo9iV/D9FQ==}
    engines: {node: '>=18'}

  vscode-jsonrpc@8.2.0:
    resolution: {integrity: sha512-C+r0eKJUIfiDIfwJhria30+TYWPtuHJXHtI7J0YlOmKAo7ogxP20T0zxB7HZQIFhIyvoBPwWskjxrvAtfjyZfA==}
    engines: {node: '>=14.0.0'}

  vscode-languageserver-protocol@3.17.5:
    resolution: {integrity: sha512-mb1bvRJN8SVznADSGWM9u/b07H7Ecg0I3OgXDuLdn307rl/J3A9YD6/eYOssqhecL27hK1IPZAsaqh00i/Jljg==}

  vscode-languageserver-textdocument@1.0.12:
    resolution: {integrity: sha512-cxWNPesCnQCcMPeenjKKsOCKQZ/L6Tv19DTRIGuLWe32lyzWhihGVJ/rcckZXJxfdKCFvRLS3fpBIsV/ZGX4zA==}

  vscode-languageserver-types@3.17.5:
    resolution: {integrity: sha512-Ld1VelNuX9pdF39h2Hgaeb5hEZM2Z3jUrrMgWQAu82jMtZp7p3vJT3BzToKtZI7NgQssZje5o0zryOrhQvzQAg==}

  vscode-languageserver@9.0.1:
    resolution: {integrity: sha512-woByF3PDpkHFUreUa7Hos7+pUWdeWMXRd26+ZX2A8cFx6v/JPTtd4/uN0/jB6XQHYaOlHbio03NTHCqrgG5n7g==}
    hasBin: true

  wrap-ansi@7.0.0:
    resolution: {integrity: sha512-YVGIj2kamLSTxw6NsZjoBxfSwsn0ycdesmc4p+Q21c5zPuZ1pl+NfxVdxPtdHvmNVOQ6XSYG4AUtyt/Fi7D16Q==}
    engines: {node: '>=10'}

  y18n@5.0.8:
    resolution: {integrity: sha512-0pfFzegeDWJHJIAmTLRP2DwHjdF5s7jo9tuztdQxAhINCdvS+3nGINqPd00AphqJR/0LhANUS6/+7SCb98YOfA==}
    engines: {node: '>=10'}

  yaml@2.4.5:
    resolution: {integrity: sha512-aBx2bnqDzVOyNKfsysjA2ms5ZlnjSAW2eG3/L5G/CSujfjLJTJsEw1bGw8kCf04KodQWk1pxlGnZ56CRxiawmg==}
    engines: {node: '>= 14'}
    hasBin: true

  yargs-parser@21.1.1:
    resolution: {integrity: sha512-tVpsJW7DdjecAiFpbIB1e3qxIQsE6NoPc5/eTdrbbIC4h0LVsWhnoa3g+m2HclBIujHzsxZ4VJVA+GUuc2/LBw==}
    engines: {node: '>=12'}

  yargs@17.7.2:
    resolution: {integrity: sha512-7dSzzRQ++CKnNI/krKnYRV7JKKPUXMEh61soaHKg9mrWEhzFWhFnxPxGl+69cD1Ou63C13NUPCnmIcrvqCuM6w==}
    engines: {node: '>=12'}

snapshots:

  '@apidevtools/swagger-methods@3.0.2': {}

  '@babel/code-frame@7.24.7':
    dependencies:
      '@babel/highlight': 7.24.7
      picocolors: 1.0.1

  '@babel/helper-validator-identifier@7.24.7': {}

  '@babel/highlight@7.24.7':
    dependencies:
      '@babel/helper-validator-identifier': 7.24.7
      chalk: 2.4.2
      js-tokens: 4.0.0
      picocolors: 1.0.1

  '@babel/runtime@7.25.6':
    dependencies:
      regenerator-runtime: 0.14.1

  '@humanwhocodes/momoa@2.0.4': {}

  '@jsdevtools/ono@7.1.3': {}

  '@nodelib/fs.scandir@2.1.5':
    dependencies:
      '@nodelib/fs.stat': 2.0.5
      run-parallel: 1.2.0

  '@nodelib/fs.stat@2.0.5': {}

  '@nodelib/fs.walk@1.2.8':
    dependencies:
      '@nodelib/fs.scandir': 2.1.5
      fastq: 1.17.1

  '@readme/better-ajv-errors@1.6.0(ajv@8.17.1)':
    dependencies:
      '@babel/code-frame': 7.24.7
      '@babel/runtime': 7.25.6
      '@humanwhocodes/momoa': 2.0.4
      ajv: 8.17.1
      chalk: 4.1.2
      json-to-ast: 2.1.0
      jsonpointer: 5.0.1
      leven: 3.1.0

  '@readme/json-schema-ref-parser@1.2.0':
    dependencies:
      '@jsdevtools/ono': 7.1.3
      '@types/json-schema': 7.0.15
      call-me-maybe: 1.0.2
      js-yaml: 4.1.0

  '@readme/openapi-parser@2.6.0(openapi-types@12.1.3)':
    dependencies:
      '@apidevtools/swagger-methods': 3.0.2
      '@jsdevtools/ono': 7.1.3
      '@readme/better-ajv-errors': 1.6.0(ajv@8.17.1)
      '@readme/json-schema-ref-parser': 1.2.0
      '@readme/openapi-schemas': 3.1.0
      ajv: 8.17.1
      ajv-draft-04: 1.0.0(ajv@8.17.1)
      call-me-maybe: 1.0.2
      openapi-types: 12.1.3

  '@readme/openapi-schemas@3.1.0': {}

  '@sindresorhus/merge-streams@2.3.0': {}

  '@types/json-schema@7.0.15': {}

  '@typespec/compiler@0.60.0':
    dependencies:
      '@babel/code-frame': 7.24.7
      ajv: 8.17.1
      change-case: 5.4.4
      globby: 14.0.2
      mustache: 4.2.0
      picocolors: 1.0.1
      prettier: 3.3.3
      prompts: 2.4.2
      semver: 7.6.3
      temporal-polyfill: 0.2.5
      vscode-languageserver: 9.0.1
      vscode-languageserver-textdocument: 1.0.12
      yaml: 2.4.5
      yargs: 17.7.2

  '@typespec/http@0.60.0(patch_hash=aq5ro3ii4qoynjjd7xukskouxa)(@typespec/compiler@0.60.0)':
    dependencies:
      '@typespec/compiler': 0.60.0

  '@typespec/openapi3@0.60.0(patch_hash=sb4t3kj46huooiaydawer2uxt4)(@typespec/compiler@0.60.0)(@typespec/http@0.60.0(patch_hash=aq5ro3ii4qoynjjd7xukskouxa)(@typespec/compiler@0.60.0))(@typespec/openapi@0.60.0(patch_hash=uvgfat3cfeep27th4nou2owmku)(@typespec/compiler@0.60.0)(@typespec/http@0.60.0(patch_hash=aq5ro3ii4qoynjjd7xukskouxa)(@typespec/compiler@0.60.0)))(@typespec/versioning@0.60.0(@typespec/compiler@0.60.0))(openapi-types@12.1.3)':
    dependencies:
      '@readme/openapi-parser': 2.6.0(openapi-types@12.1.3)
      '@typespec/compiler': 0.60.0
      '@typespec/http': 0.60.0(patch_hash=aq5ro3ii4qoynjjd7xukskouxa)(@typespec/compiler@0.60.0)
      '@typespec/openapi': 0.60.0(patch_hash=uvgfat3cfeep27th4nou2owmku)(@typespec/compiler@0.60.0)(@typespec/http@0.60.0(patch_hash=aq5ro3ii4qoynjjd7xukskouxa)(@typespec/compiler@0.60.0))
      '@typespec/versioning': 0.60.0(@typespec/compiler@0.60.0)
      yaml: 2.4.5
    transitivePeerDependencies:
      - openapi-types

  '@typespec/openapi@0.60.0(patch_hash=uvgfat3cfeep27th4nou2owmku)(@typespec/compiler@0.60.0)(@typespec/http@0.60.0(patch_hash=aq5ro3ii4qoynjjd7xukskouxa)(@typespec/compiler@0.60.0))':
    dependencies:
      '@typespec/compiler': 0.60.0
      '@typespec/http': 0.60.0(patch_hash=aq5ro3ii4qoynjjd7xukskouxa)(@typespec/compiler@0.60.0)

  '@typespec/prettier-plugin-typespec@0.60.0':
    dependencies:
      prettier: 3.3.3

  '@typespec/rest@0.60.0(@typespec/compiler@0.60.0)(@typespec/http@0.60.0(patch_hash=aq5ro3ii4qoynjjd7xukskouxa)(@typespec/compiler@0.60.0))':
    dependencies:
      '@typespec/compiler': 0.60.0
      '@typespec/http': 0.60.0(patch_hash=aq5ro3ii4qoynjjd7xukskouxa)(@typespec/compiler@0.60.0)

  '@typespec/versioning@0.60.0(@typespec/compiler@0.60.0)':
    dependencies:
      '@typespec/compiler': 0.60.0

  ajv-draft-04@1.0.0(ajv@8.17.1):
    optionalDependencies:
      ajv: 8.17.1

  ajv@8.17.1:
    dependencies:
      fast-deep-equal: 3.1.3
      fast-uri: 3.0.1
      json-schema-traverse: 1.0.0
      require-from-string: 2.0.2

  ansi-regex@5.0.1: {}

  ansi-styles@3.2.1:
    dependencies:
      color-convert: 1.9.3

  ansi-styles@4.3.0:
    dependencies:
      color-convert: 2.0.1

  argparse@2.0.1: {}

  braces@3.0.3:
    dependencies:
      fill-range: 7.1.1

  call-me-maybe@1.0.2: {}

  chalk@2.4.2:
    dependencies:
      ansi-styles: 3.2.1
      escape-string-regexp: 1.0.5
      supports-color: 5.5.0

  chalk@4.1.2:
    dependencies:
      ansi-styles: 4.3.0
      supports-color: 7.2.0

  change-case@5.4.4: {}

  cliui@8.0.1:
    dependencies:
      string-width: 4.2.3
      strip-ansi: 6.0.1
      wrap-ansi: 7.0.0

  code-error-fragment@0.0.230: {}

  color-convert@1.9.3:
    dependencies:
      color-name: 1.1.3

  color-convert@2.0.1:
    dependencies:
      color-name: 1.1.4

  color-name@1.1.3: {}

  color-name@1.1.4: {}

  emoji-regex@8.0.0: {}

  escalade@3.2.0: {}

  escape-string-regexp@1.0.5: {}

  fast-deep-equal@3.1.3: {}

  fast-glob@3.3.2:
    dependencies:
      '@nodelib/fs.stat': 2.0.5
      '@nodelib/fs.walk': 1.2.8
      glob-parent: 5.1.2
      merge2: 1.4.1
      micromatch: 4.0.8

  fast-uri@3.0.1: {}

  fastq@1.17.1:
    dependencies:
      reusify: 1.0.4

  fill-range@7.1.1:
    dependencies:
      to-regex-range: 5.0.1

  get-caller-file@2.0.5: {}

  glob-parent@5.1.2:
    dependencies:
      is-glob: 4.0.3

  globby@14.0.2:
    dependencies:
      '@sindresorhus/merge-streams': 2.3.0
      fast-glob: 3.3.2
      ignore: 5.3.2
      path-type: 5.0.0
      slash: 5.1.0
      unicorn-magic: 0.1.0

  grapheme-splitter@1.0.4: {}

  has-flag@3.0.0: {}

  has-flag@4.0.0: {}

  ignore@5.3.2: {}

  is-extglob@2.1.1: {}

  is-fullwidth-code-point@3.0.0: {}

  is-glob@4.0.3:
    dependencies:
      is-extglob: 2.1.1

  is-number@7.0.0: {}

  js-tokens@4.0.0: {}

  js-yaml@4.1.0:
    dependencies:
      argparse: 2.0.1

  json-schema-traverse@1.0.0: {}

  json-to-ast@2.1.0:
    dependencies:
      code-error-fragment: 0.0.230
      grapheme-splitter: 1.0.4

  jsonpointer@5.0.1: {}

  kleur@3.0.3: {}

  leven@3.1.0: {}

  merge2@1.4.1: {}

  micromatch@4.0.8:
    dependencies:
      braces: 3.0.3
      picomatch: 2.3.1

  mustache@4.2.0: {}

  openapi-types@12.1.3: {}

  path-type@5.0.0: {}

  picocolors@1.0.1: {}

  picomatch@2.3.1: {}

  prettier@3.3.3: {}

  prompts@2.4.2:
    dependencies:
      kleur: 3.0.3
      sisteransi: 1.0.5

  queue-microtask@1.2.3: {}

  regenerator-runtime@0.14.1: {}

  require-directory@2.1.1: {}

  require-from-string@2.0.2: {}

  reusify@1.0.4: {}

  run-parallel@1.2.0:
    dependencies:
      queue-microtask: 1.2.3

  semver@7.6.3: {}

  sisteransi@1.0.5: {}

  slash@5.1.0: {}

  string-width@4.2.3:
    dependencies:
      emoji-regex: 8.0.0
      is-fullwidth-code-point: 3.0.0
      strip-ansi: 6.0.1

  strip-ansi@6.0.1:
    dependencies:
      ansi-regex: 5.0.1

  supports-color@5.5.0:
    dependencies:
      has-flag: 3.0.0

  supports-color@7.2.0:
    dependencies:
      has-flag: 4.0.0

  temporal-polyfill@0.2.5:
    dependencies:
      temporal-spec: 0.2.4

  temporal-spec@0.2.4: {}

  to-regex-range@5.0.1:
    dependencies:
      is-number: 7.0.0

  unicorn-magic@0.1.0: {}

  vscode-jsonrpc@8.2.0: {}

  vscode-languageserver-protocol@3.17.5:
    dependencies:
      vscode-jsonrpc: 8.2.0
      vscode-languageserver-types: 3.17.5

  vscode-languageserver-textdocument@1.0.12: {}

  vscode-languageserver-types@3.17.5: {}

  vscode-languageserver@9.0.1:
    dependencies:
      vscode-languageserver-protocol: 3.17.5

  wrap-ansi@7.0.0:
    dependencies:
      ansi-styles: 4.3.0
      string-width: 4.2.3
      strip-ansi: 6.0.1

  y18n@5.0.8: {}

  yaml@2.4.5: {}

  yargs-parser@21.1.1: {}

  yargs@17.7.2:
    dependencies:
      cliui: 8.0.1
      escalade: 3.2.0
      get-caller-file: 2.0.5
      require-directory: 2.1.1
      string-width: 4.2.3
      y18n: 5.0.8
      yargs-parser: 21.1.1
