dependencies:
- name: strimzi-kafka-operator
  repository: https://strimzi.io/charts/
  version: 0.37.0
- name: altinity-clickhouse-operator
  repository: https://docs.altinity.com/clickhouse-operator/
  version: 0.21.3
digest: sha256:6fb4e3432f06bfdb50ac150b457ca1b031ae204af4f402c62f7f697759ccdaa4
generated: "2023-09-08T20:52:02.691381+02:00"
