dependencies:
- name: strimzi-kafka-operator
  repository: https://strimzi.io/charts/
  version: 0.38.0
- name: altinity-clickhouse-operator
  repository: https://docs.altinity.com/clickhouse-operator/
  version: 0.22.1
digest: sha256:9c6713a8407c8fbd75d83dd576b0efa2ac87432d55f369ef02937425ab65da78
generated: "2023-11-30T22:13:47.840924+01:00"
